
Microsoft Visual Studio Solution File, Format Version 12.00
# Visual Studio 15
VisualStudioVersion = 15.0.28307.168
MinimumVisualStudioVersion = 10.0.40219.1
Project("{FAE04EC0-301F-11D3-BF4B-00C04F79EFBC}") = "BleLab", "BleLab\BleLab.csproj", "{8FDB68C3-5CEC-40BE-9EA5-93C3F2EC841B}"
EndProject
Project("{FAE04EC0-301F-11D3-BF4B-00C04F79EFBC}") = "BleLab.Tests", "BleLab.Tests\BleLab.Tests.csproj", "{9F5A1CB4-B6D5-41C0-BE73-43AD95A91FDA}"
EndProject
Project("{9A19103F-16F7-4668-BE54-9A1E7A4F7556}") = "BleDotNet", "BleDotNet\BleDotNet.csproj", "{216C10C5-D943-43A7-BBAF-7EED03691C78}"
EndProject
Project("{9A19103F-16F7-4668-BE54-9A1E7A4F7556}") = "BleDotNetLib", "BleDotNetLib\BleDotNetLib.csproj", "{B1AE730B-C260-475F-8F1B-DEA77E8FA3FD}"
EndProject
Project("{FAE04EC0-301F-11D3-BF4B-00C04F79EFBC}") = "BleConsole", "BleConsole\BleConsole.csproj", "{DA7759A1-84ED-46E1-A26A-DD822647D678}"
EndProject
Project("{FAE04EC0-301F-11D3-BF4B-00C04F79EFBC}") = "BleConsole.Tests", "BleConsole.Tests\BleConsole.Tests.csproj", "{CFB8CBA6-6E2E-494A-8212-B3AD57582F39}"
EndProject
Global
	GlobalSection(SolutionConfigurationPlatforms) = preSolution
		Debug|Any CPU = Debug|Any CPU
		Debug|ARM = Debug|ARM
		Debug|ARM64 = Debug|ARM64
		Debug|x64 = Debug|x64
		Debug|x86 = Debug|x86
		Release|Any CPU = Release|Any CPU
		Release|ARM = Release|ARM
		Release|ARM64 = Release|ARM64
		Release|x64 = Release|x64
		Release|x86 = Release|x86
	EndGlobalSection
	GlobalSection(ProjectConfigurationPlatforms) = postSolution
		{8FDB68C3-5CEC-40BE-9EA5-93C3F2EC841B}.Debug|Any CPU.ActiveCfg = Debug|x86
		{8FDB68C3-5CEC-40BE-9EA5-93C3F2EC841B}.Debug|ARM.ActiveCfg = Debug|ARM
		{8FDB68C3-5CEC-40BE-9EA5-93C3F2EC841B}.Debug|ARM.Build.0 = Debug|ARM
		{8FDB68C3-5CEC-40BE-9EA5-93C3F2EC841B}.Debug|ARM.Deploy.0 = Debug|ARM
		{8FDB68C3-5CEC-40BE-9EA5-93C3F2EC841B}.Debug|ARM64.ActiveCfg = Debug|x86
		{8FDB68C3-5CEC-40BE-9EA5-93C3F2EC841B}.Debug|x64.ActiveCfg = Debug|x64
		{8FDB68C3-5CEC-40BE-9EA5-93C3F2EC841B}.Debug|x64.Build.0 = Debug|x64
		{8FDB68C3-5CEC-40BE-9EA5-93C3F2EC841B}.Debug|x64.Deploy.0 = Debug|x64
		{8FDB68C3-5CEC-40BE-9EA5-93C3F2EC841B}.Debug|x86.ActiveCfg = Debug|x86
		{8FDB68C3-5CEC-40BE-9EA5-93C3F2EC841B}.Debug|x86.Build.0 = Debug|x86
		{8FDB68C3-5CEC-40BE-9EA5-93C3F2EC841B}.Debug|x86.Deploy.0 = Debug|x86
		{8FDB68C3-5CEC-40BE-9EA5-93C3F2EC841B}.Release|Any CPU.ActiveCfg = Release|x86
		{8FDB68C3-5CEC-40BE-9EA5-93C3F2EC841B}.Release|ARM.ActiveCfg = Release|ARM
		{8FDB68C3-5CEC-40BE-9EA5-93C3F2EC841B}.Release|ARM.Build.0 = Release|ARM
		{8FDB68C3-5CEC-40BE-9EA5-93C3F2EC841B}.Release|ARM.Deploy.0 = Release|ARM
		{8FDB68C3-5CEC-40BE-9EA5-93C3F2EC841B}.Release|ARM64.ActiveCfg = Release|x86
		{8FDB68C3-5CEC-40BE-9EA5-93C3F2EC841B}.Release|x64.ActiveCfg = Release|x64
		{8FDB68C3-5CEC-40BE-9EA5-93C3F2EC841B}.Release|x64.Build.0 = Release|x64
		{8FDB68C3-5CEC-40BE-9EA5-93C3F2EC841B}.Release|x64.Deploy.0 = Release|x64
		{8FDB68C3-5CEC-40BE-9EA5-93C3F2EC841B}.Release|x86.ActiveCfg = Release|x86
		{8FDB68C3-5CEC-40BE-9EA5-93C3F2EC841B}.Release|x86.Build.0 = Release|x86
		{8FDB68C3-5CEC-40BE-9EA5-93C3F2EC841B}.Release|x86.Deploy.0 = Release|x86
		{9F5A1CB4-B6D5-41C0-BE73-43AD95A91FDA}.Debug|Any CPU.ActiveCfg = Debug|x86
		{9F5A1CB4-B6D5-41C0-BE73-43AD95A91FDA}.Debug|ARM.ActiveCfg = Debug|ARM
		{9F5A1CB4-B6D5-41C0-BE73-43AD95A91FDA}.Debug|ARM.Build.0 = Debug|ARM
		{9F5A1CB4-B6D5-41C0-BE73-43AD95A91FDA}.Debug|ARM.Deploy.0 = Debug|ARM
		{9F5A1CB4-B6D5-41C0-BE73-43AD95A91FDA}.Debug|ARM64.ActiveCfg = Debug|x86
		{9F5A1CB4-B6D5-41C0-BE73-43AD95A91FDA}.Debug|x64.ActiveCfg = Debug|x64
		{9F5A1CB4-B6D5-41C0-BE73-43AD95A91FDA}.Debug|x64.Build.0 = Debug|x64
		{9F5A1CB4-B6D5-41C0-BE73-43AD95A91FDA}.Debug|x64.Deploy.0 = Debug|x64
		{9F5A1CB4-B6D5-41C0-BE73-43AD95A91FDA}.Debug|x86.ActiveCfg = Debug|x86
		{9F5A1CB4-B6D5-41C0-BE73-43AD95A91FDA}.Debug|x86.Build.0 = Debug|x86
		{9F5A1CB4-B6D5-41C0-BE73-43AD95A91FDA}.Debug|x86.Deploy.0 = Debug|x86
		{9F5A1CB4-B6D5-41C0-BE73-43AD95A91FDA}.Release|Any CPU.ActiveCfg = Release|x86
		{9F5A1CB4-B6D5-41C0-BE73-43AD95A91FDA}.Release|ARM.ActiveCfg = Release|ARM
		{9F5A1CB4-B6D5-41C0-BE73-43AD95A91FDA}.Release|ARM.Build.0 = Release|ARM
		{9F5A1CB4-B6D5-41C0-BE73-43AD95A91FDA}.Release|ARM.Deploy.0 = Release|ARM
		{9F5A1CB4-B6D5-41C0-BE73-43AD95A91FDA}.Release|ARM64.ActiveCfg = Release|x86
		{9F5A1CB4-B6D5-41C0-BE73-43AD95A91FDA}.Release|x64.ActiveCfg = Release|x64
		{9F5A1CB4-B6D5-41C0-BE73-43AD95A91FDA}.Release|x64.Build.0 = Release|x64
		{9F5A1CB4-B6D5-41C0-BE73-43AD95A91FDA}.Release|x64.Deploy.0 = Release|x64
		{9F5A1CB4-B6D5-41C0-BE73-43AD95A91FDA}.Release|x86.ActiveCfg = Release|x86
		{9F5A1CB4-B6D5-41C0-BE73-43AD95A91FDA}.Release|x86.Build.0 = Release|x86
		{9F5A1CB4-B6D5-41C0-BE73-43AD95A91FDA}.Release|x86.Deploy.0 = Release|x86
		{216C10C5-D943-43A7-BBAF-7EED03691C78}.Debug|Any CPU.ActiveCfg = Debug|Any CPU
		{216C10C5-D943-43A7-BBAF-7EED03691C78}.Debug|Any CPU.Build.0 = Debug|Any CPU
		{216C10C5-D943-43A7-BBAF-7EED03691C78}.Debug|ARM.ActiveCfg = Debug|Any CPU
		{216C10C5-D943-43A7-BBAF-7EED03691C78}.Debug|ARM.Build.0 = Debug|Any CPU
		{216C10C5-D943-43A7-BBAF-7EED03691C78}.Debug|ARM64.ActiveCfg = Debug|Any CPU
		{216C10C5-D943-43A7-BBAF-7EED03691C78}.Debug|ARM64.Build.0 = Debug|Any CPU
		{216C10C5-D943-43A7-BBAF-7EED03691C78}.Debug|x64.ActiveCfg = Debug|Any CPU
		{216C10C5-D943-43A7-BBAF-7EED03691C78}.Debug|x64.Build.0 = Debug|Any CPU
		{216C10C5-D943-43A7-BBAF-7EED03691C78}.Debug|x86.ActiveCfg = Debug|Any CPU
		{216C10C5-D943-43A7-BBAF-7EED03691C78}.Debug|x86.Build.0 = Debug|Any CPU
		{216C10C5-D943-43A7-BBAF-7EED03691C78}.Release|Any CPU.ActiveCfg = Release|Any CPU
		{216C10C5-D943-43A7-BBAF-7EED03691C78}.Release|Any CPU.Build.0 = Release|Any CPU
		{216C10C5-D943-43A7-BBAF-7EED03691C78}.Release|ARM.ActiveCfg = Release|Any CPU
		{216C10C5-D943-43A7-BBAF-7EED03691C78}.Release|ARM.Build.0 = Release|Any CPU
		{216C10C5-D943-43A7-BBAF-7EED03691C78}.Release|ARM64.ActiveCfg = Release|Any CPU
		{216C10C5-D943-43A7-BBAF-7EED03691C78}.Release|ARM64.Build.0 = Release|Any CPU
		{216C10C5-D943-43A7-BBAF-7EED03691C78}.Release|x64.ActiveCfg = Release|Any CPU
		{216C10C5-D943-43A7-BBAF-7EED03691C78}.Release|x64.Build.0 = Release|Any CPU
		{216C10C5-D943-43A7-BBAF-7EED03691C78}.Release|x86.ActiveCfg = Release|Any CPU
		{216C10C5-D943-43A7-BBAF-7EED03691C78}.Release|x86.Build.0 = Release|Any CPU
		{B1AE730B-C260-475F-8F1B-DEA77E8FA3FD}.Debug|Any CPU.ActiveCfg = Debug|Any CPU
		{B1AE730B-C260-475F-8F1B-DEA77E8FA3FD}.Debug|Any CPU.Build.0 = Debug|Any CPU
		{B1AE730B-C260-475F-8F1B-DEA77E8FA3FD}.Debug|ARM.ActiveCfg = Debug|Any CPU
		{B1AE730B-C260-475F-8F1B-DEA77E8FA3FD}.Debug|ARM.Build.0 = Debug|Any CPU
		{B1AE730B-C260-475F-8F1B-DEA77E8FA3FD}.Debug|ARM64.ActiveCfg = Debug|Any CPU
		{B1AE730B-C260-475F-8F1B-DEA77E8FA3FD}.Debug|ARM64.Build.0 = Debug|Any CPU
		{B1AE730B-C260-475F-8F1B-DEA77E8FA3FD}.Debug|x64.ActiveCfg = Debug|Any CPU
		{B1AE730B-C260-475F-8F1B-DEA77E8FA3FD}.Debug|x64.Build.0 = Debug|Any CPU
		{B1AE730B-C260-475F-8F1B-DEA77E8FA3FD}.Debug|x86.ActiveCfg = Debug|Any CPU
		{B1AE730B-C260-475F-8F1B-DEA77E8FA3FD}.Debug|x86.Build.0 = Debug|Any CPU
		{B1AE730B-C260-475F-8F1B-DEA77E8FA3FD}.Release|Any CPU.ActiveCfg = Release|Any CPU
		{B1AE730B-C260-475F-8F1B-DEA77E8FA3FD}.Release|Any CPU.Build.0 = Release|Any CPU
		{B1AE730B-C260-475F-8F1B-DEA77E8FA3FD}.Release|ARM.ActiveCfg = Release|Any CPU
		{B1AE730B-C260-475F-8F1B-DEA77E8FA3FD}.Release|ARM.Build.0 = Release|Any CPU
		{B1AE730B-C260-475F-8F1B-DEA77E8FA3FD}.Release|ARM64.ActiveCfg = Release|Any CPU
		{B1AE730B-C260-475F-8F1B-DEA77E8FA3FD}.Release|ARM64.Build.0 = Release|Any CPU
		{B1AE730B-C260-475F-8F1B-DEA77E8FA3FD}.Release|x64.ActiveCfg = Release|Any CPU
		{B1AE730B-C260-475F-8F1B-DEA77E8FA3FD}.Release|x64.Build.0 = Release|Any CPU
		{B1AE730B-C260-475F-8F1B-DEA77E8FA3FD}.Release|x86.ActiveCfg = Release|Any CPU
		{B1AE730B-C260-475F-8F1B-DEA77E8FA3FD}.Release|x86.Build.0 = Release|Any CPU
		{DA7759A1-84ED-46E1-A26A-DD822647D678}.Debug|Any CPU.ActiveCfg = Debug|Any CPU
		{DA7759A1-84ED-46E1-A26A-DD822647D678}.Debug|Any CPU.Build.0 = Debug|Any CPU
		{DA7759A1-84ED-46E1-A26A-DD822647D678}.Debug|ARM.ActiveCfg = Debug|Any CPU
		{DA7759A1-84ED-46E1-A26A-DD822647D678}.Debug|ARM.Build.0 = Debug|Any CPU
		{DA7759A1-84ED-46E1-A26A-DD822647D678}.Debug|ARM64.ActiveCfg = Debug|Any CPU
		{DA7759A1-84ED-46E1-A26A-DD822647D678}.Debug|ARM64.Build.0 = Debug|Any CPU
		{DA7759A1-84ED-46E1-A26A-DD822647D678}.Debug|x64.ActiveCfg = Debug|Any CPU
		{DA7759A1-84ED-46E1-A26A-DD822647D678}.Debug|x64.Build.0 = Debug|Any CPU
		{DA7759A1-84ED-46E1-A26A-DD822647D678}.Debug|x86.ActiveCfg = Debug|Any CPU
		{DA7759A1-84ED-46E1-A26A-DD822647D678}.Debug|x86.Build.0 = Debug|Any CPU
		{DA7759A1-84ED-46E1-A26A-DD822647D678}.Release|Any CPU.ActiveCfg = Release|Any CPU
		{DA7759A1-84ED-46E1-A26A-DD822647D678}.Release|Any CPU.Build.0 = Release|Any CPU
		{DA7759A1-84ED-46E1-A26A-DD822647D678}.Release|ARM.ActiveCfg = Release|Any CPU
		{DA7759A1-84ED-46E1-A26A-DD822647D678}.Release|ARM.Build.0 = Release|Any CPU
		{DA7759A1-84ED-46E1-A26A-DD822647D678}.Release|ARM64.ActiveCfg = Release|Any CPU
		{DA7759A1-84ED-46E1-A26A-DD822647D678}.Release|ARM64.Build.0 = Release|Any CPU
		{DA7759A1-84ED-46E1-A26A-DD822647D678}.Release|x64.ActiveCfg = Release|Any CPU
		{DA7759A1-84ED-46E1-A26A-DD822647D678}.Release|x64.Build.0 = Release|Any CPU
		{DA7759A1-84ED-46E1-A26A-DD822647D678}.Release|x86.ActiveCfg = Release|Any CPU
		{DA7759A1-84ED-46E1-A26A-DD822647D678}.Release|x86.Build.0 = Release|Any CPU
		{CFB8CBA6-6E2E-494A-8212-B3AD57582F39}.Debug|Any CPU.ActiveCfg = Debug|Any CPU
		{CFB8CBA6-6E2E-494A-8212-B3AD57582F39}.Debug|Any CPU.Build.0 = Debug|Any CPU
		{CFB8CBA6-6E2E-494A-8212-B3AD57582F39}.Debug|ARM.ActiveCfg = Debug|Any CPU
		{CFB8CBA6-6E2E-494A-8212-B3AD57582F39}.Debug|ARM.Build.0 = Debug|Any CPU
		{CFB8CBA6-6E2E-494A-8212-B3AD57582F39}.Debug|ARM64.ActiveCfg = Debug|Any CPU
		{CFB8CBA6-6E2E-494A-8212-B3AD57582F39}.Debug|ARM64.Build.0 = Debug|Any CPU
		{CFB8CBA6-6E2E-494A-8212-B3AD57582F39}.Debug|x64.ActiveCfg = Debug|Any CPU
		{CFB8CBA6-6E2E-494A-8212-B3AD57582F39}.Debug|x64.Build.0 = Debug|Any CPU
		{CFB8CBA6-6E2E-494A-8212-B3AD57582F39}.Debug|x86.ActiveCfg = Debug|Any CPU
		{CFB8CBA6-6E2E-494A-8212-B3AD57582F39}.Debug|x86.Build.0 = Debug|Any CPU
		{CFB8CBA6-6E2E-494A-8212-B3AD57582F39}.Release|Any CPU.ActiveCfg = Release|Any CPU
		{CFB8CBA6-6E2E-494A-8212-B3AD57582F39}.Release|Any CPU.Build.0 = Release|Any CPU
		{CFB8CBA6-6E2E-494A-8212-B3AD57582F39}.Release|ARM.ActiveCfg = Release|Any CPU
		{CFB8CBA6-6E2E-494A-8212-B3AD57582F39}.Release|ARM.Build.0 = Release|Any CPU
		{CFB8CBA6-6E2E-494A-8212-B3AD57582F39}.Release|ARM64.ActiveCfg = Release|Any CPU
		{CFB8CBA6-6E2E-494A-8212-B3AD57582F39}.Release|ARM64.Build.0 = Release|Any CPU
		{CFB8CBA6-6E2E-494A-8212-B3AD57582F39}.Release|x64.ActiveCfg = Release|Any CPU
		{CFB8CBA6-6E2E-494A-8212-B3AD57582F39}.Release|x64.Build.0 = Release|Any CPU
		{CFB8CBA6-6E2E-494A-8212-B3AD57582F39}.Release|x86.ActiveCfg = Release|Any CPU
		{CFB8CBA6-6E2E-494A-8212-B3AD57582F39}.Release|x86.Build.0 = Release|Any CPU
	EndGlobalSection
	GlobalSection(SolutionProperties) = preSolution
		HideSolutionNode = FALSE
	EndGlobalSection
	GlobalSection(ExtensibilityGlobals) = postSolution
		SolutionGuid = {8BA181C8-8156-4791-BDF4-8D845DF20D00}
	EndGlobalSection
EndGlobal
