
Microsoft Visual Studio Solution File, Format Version 12.00
# Visual Studio 15
VisualStudioVersion = 15.0.28307.572
MinimumVisualStudioVersion = 10.0.40219.1
Project("{FAE04EC0-301F-11D3-BF4B-00C04F79EFBC}") = "MeshSim", "MeshSim\MeshSim.csproj", "{E6DDF5A5-A0F0-4265-AC90-B44F12F405A8}"
EndProject
Project("{FAE04EC0-301F-11D3-BF4B-00C04F79EFBC}") = "MeshSimWeb", "MeshSimWeb\MeshSimWeb.csproj", "{21A50016-C10E-42CB-8A49-8829C76FF1F5}"
EndProject
Project("{FAE04EC0-301F-11D3-BF4B-00C04F79EFBC}") = "MeshSimWeb.Tests", "MeshSimWeb.Tests\MeshSimWeb.Tests.csproj", "{06E4C58D-A154-442D-BF56-24D2B6904691}"
EndProject
Project("{FAE04EC0-301F-11D3-BF4B-00C04F79EFBC}") = "MeshSimLib", "MeshSimLib\MeshSimLib.csproj", "{E1A07467-B779-41D0-9D47-BF0241028583}"
EndProject
Project("{9A19103F-16F7-4668-BE54-9A1E7A4F7556}") = "MeshSimRestApi", "MeshSimRestApi\MeshSimRestApi.csproj", "{9D44FA08-586C-4FA9-BA56-63620FC108BF}"
EndProject
Project("{FAE04EC0-301F-11D3-BF4B-00C04F79EFBC}") = "MeshSimWebApp", "MeshSimWebApp\MeshSimWebApp.csproj", "{0F4C8585-8A5A-43A0-9565-CC3103935F0A}"
EndProject
Project("{FAE04EC0-301F-11D3-BF4B-00C04F79EFBC}") = "MeshSimWin", "MeshSimWin\MeshSimWin.csproj", "{E6453FA0-5235-4F29-BDF0-DD56645E0383}"
EndProject
Global
	GlobalSection(SolutionConfigurationPlatforms) = preSolution
		Debug|Any CPU = Debug|Any CPU
		Release|Any CPU = Release|Any CPU
	EndGlobalSection
	GlobalSection(ProjectConfigurationPlatforms) = postSolution
		{E6DDF5A5-A0F0-4265-AC90-B44F12F405A8}.Debug|Any CPU.ActiveCfg = Debug|Any CPU
		{E6DDF5A5-A0F0-4265-AC90-B44F12F405A8}.Debug|Any CPU.Build.0 = Debug|Any CPU
		{E6DDF5A5-A0F0-4265-AC90-B44F12F405A8}.Release|Any CPU.ActiveCfg = Release|Any CPU
		{E6DDF5A5-A0F0-4265-AC90-B44F12F405A8}.Release|Any CPU.Build.0 = Release|Any CPU
		{21A50016-C10E-42CB-8A49-8829C76FF1F5}.Debug|Any CPU.ActiveCfg = Debug|Any CPU
		{21A50016-C10E-42CB-8A49-8829C76FF1F5}.Debug|Any CPU.Build.0 = Debug|Any CPU
		{21A50016-C10E-42CB-8A49-8829C76FF1F5}.Release|Any CPU.ActiveCfg = Release|Any CPU
		{21A50016-C10E-42CB-8A49-8829C76FF1F5}.Release|Any CPU.Build.0 = Release|Any CPU
		{06E4C58D-A154-442D-BF56-24D2B6904691}.Debug|Any CPU.ActiveCfg = Debug|Any CPU
		{06E4C58D-A154-442D-BF56-24D2B6904691}.Debug|Any CPU.Build.0 = Debug|Any CPU
		{06E4C58D-A154-442D-BF56-24D2B6904691}.Release|Any CPU.ActiveCfg = Release|Any CPU
		{06E4C58D-A154-442D-BF56-24D2B6904691}.Release|Any CPU.Build.0 = Release|Any CPU
		{E1A07467-B779-41D0-9D47-BF0241028583}.Debug|Any CPU.ActiveCfg = Debug|Any CPU
		{E1A07467-B779-41D0-9D47-BF0241028583}.Debug|Any CPU.Build.0 = Debug|Any CPU
		{E1A07467-B779-41D0-9D47-BF0241028583}.Release|Any CPU.ActiveCfg = Release|Any CPU
		{E1A07467-B779-41D0-9D47-BF0241028583}.Release|Any CPU.Build.0 = Release|Any CPU
		{9D44FA08-586C-4FA9-BA56-63620FC108BF}.Debug|Any CPU.ActiveCfg = Debug|Any CPU
		{9D44FA08-586C-4FA9-BA56-63620FC108BF}.Debug|Any CPU.Build.0 = Debug|Any CPU
		{9D44FA08-586C-4FA9-BA56-63620FC108BF}.Release|Any CPU.ActiveCfg = Release|Any CPU
		{9D44FA08-586C-4FA9-BA56-63620FC108BF}.Release|Any CPU.Build.0 = Release|Any CPU
		{0F4C8585-8A5A-43A0-9565-CC3103935F0A}.Debug|Any CPU.ActiveCfg = Debug|Any CPU
		{0F4C8585-8A5A-43A0-9565-CC3103935F0A}.Debug|Any CPU.Build.0 = Debug|Any CPU
		{0F4C8585-8A5A-43A0-9565-CC3103935F0A}.Release|Any CPU.ActiveCfg = Release|Any CPU
		{0F4C8585-8A5A-43A0-9565-CC3103935F0A}.Release|Any CPU.Build.0 = Release|Any CPU
		{E6453FA0-5235-4F29-BDF0-DD56645E0383}.Debug|Any CPU.ActiveCfg = Debug|Any CPU
		{E6453FA0-5235-4F29-BDF0-DD56645E0383}.Debug|Any CPU.Build.0 = Debug|Any CPU
		{E6453FA0-5235-4F29-BDF0-DD56645E0383}.Release|Any CPU.ActiveCfg = Release|Any CPU
		{E6453FA0-5235-4F29-BDF0-DD56645E0383}.Release|Any CPU.Build.0 = Release|Any CPU
	EndGlobalSection
	GlobalSection(SolutionProperties) = preSolution
		HideSolutionNode = FALSE
	EndGlobalSection
	GlobalSection(ExtensibilityGlobals) = postSolution
		SolutionGuid = {0618B79C-B559-47EF-84D5-B05FAEB858A5}
	EndGlobalSection
EndGlobal
